
Microsoft Visual Studio Solution File, Format Version 12.00
# Visual Studio Version 17
VisualStudioVersion = 17.1.32210.238
MinimumVisualStudioVersion = 10.0.40219.1
Project("{9A19103F-16F7-4668-BE54-9A1E7A4F7556}") = "ThreeLayerPatternLibrary", "ThreeLayerPatternLibrary\ThreeLayerPatternLibrary.csproj", "{65F7548E-9AF4-489F-A872-FB1896D42A8A}"
EndProject
Global
	GlobalSection(SolutionConfigurationPlatforms) = preSolution
		Debug|Any CPU = Debug|Any CPU
		Release|Any CPU = Release|Any CPU
	EndGlobalSection
	GlobalSection(ProjectConfigurationPlatforms) = postSolution
		{65F7548E-9AF4-489F-A872-FB1896D42A8A}.Debug|Any CPU.ActiveCfg = Debug|Any CPU
		{65F7548E-9AF4-489F-A872-FB1896D42A8A}.Debug|Any CPU.Build.0 = Debug|Any CPU
		{65F7548E-9AF4-489F-A872-FB1896D42A8A}.Release|Any CPU.ActiveCfg = Release|Any CPU
		{65F7548E-9AF4-489F-A872-FB1896D42A8A}.Release|Any CPU.Build.0 = Release|Any CPU
	EndGlobalSection
	GlobalSection(SolutionProperties) = preSolution
		HideSolutionNode = FALSE
	EndGlobalSection
	GlobalSection(ExtensibilityGlobals) = postSolution
		SolutionGuid = {BB55A716-555B-41BF-98EA-96A9058C53E5}
	EndGlobalSection
EndGlobal
